
Microsoft Visual Studio Solution File, Format Version 12.00
# Visual Studio Version 17
VisualStudioVersion = 17.8.34322.80
MinimumVisualStudioVersion = 10.0.40219.1
Project("{9A19103F-16F7-4668-BE54-9A1E7A4F7556}") = "UnrealEngine.Gvas", "UnrealEngine.Gvas\UnrealEngine.Gvas.csproj", "{89988B13-C29B-4D23-96B0-6B99568026FF}"
EndProject
Project("{9A19103F-16F7-4668-BE54-9A1E7A4F7556}") = "SavToXml", "SavToXml\SavToXml.csproj", "{EB50A001-A592-47F4-B1BA-91DF4B4A5DEB}"
EndProject
Project("{FAE04EC0-301F-11D3-BF4B-00C04F79EFBC}") = "UnrealEngine.Gvas.Test", "UnrealEngine.Gvas.Test\UnrealEngine.Gvas.Test.csproj", "{42D9195A-BBC6-477F-8A5B-78562358E07E}"
EndProject
Global
	GlobalSection(SolutionConfigurationPlatforms) = preSolution
		Debug|Any CPU = Debug|Any CPU
		Release|Any CPU = Release|Any CPU
	EndGlobalSection
	GlobalSection(ProjectConfigurationPlatforms) = postSolution
		{89988B13-C29B-4D23-96B0-6B99568026FF}.Debug|Any CPU.ActiveCfg = Debug|Any CPU
		{89988B13-C29B-4D23-96B0-6B99568026FF}.Debug|Any CPU.Build.0 = Debug|Any CPU
		{89988B13-C29B-4D23-96B0-6B99568026FF}.Release|Any CPU.ActiveCfg = Release|Any CPU
		{89988B13-C29B-4D23-96B0-6B99568026FF}.Release|Any CPU.Build.0 = Release|Any CPU
		{EB50A001-A592-47F4-B1BA-91DF4B4A5DEB}.Debug|Any CPU.ActiveCfg = Debug|Any CPU
		{EB50A001-A592-47F4-B1BA-91DF4B4A5DEB}.Debug|Any CPU.Build.0 = Debug|Any CPU
		{EB50A001-A592-47F4-B1BA-91DF4B4A5DEB}.Release|Any CPU.ActiveCfg = Release|Any CPU
		{EB50A001-A592-47F4-B1BA-91DF4B4A5DEB}.Release|Any CPU.Build.0 = Release|Any CPU
		{42D9195A-BBC6-477F-8A5B-78562358E07E}.Debug|Any CPU.ActiveCfg = Debug|Any CPU
		{42D9195A-BBC6-477F-8A5B-78562358E07E}.Debug|Any CPU.Build.0 = Debug|Any CPU
		{42D9195A-BBC6-477F-8A5B-78562358E07E}.Release|Any CPU.ActiveCfg = Release|Any CPU
		{42D9195A-BBC6-477F-8A5B-78562358E07E}.Release|Any CPU.Build.0 = Release|Any CPU
	EndGlobalSection
	GlobalSection(SolutionProperties) = preSolution
		HideSolutionNode = FALSE
	EndGlobalSection
	GlobalSection(ExtensibilityGlobals) = postSolution
		SolutionGuid = {A8DB2B32-06AE-4203-85AE-6731D46A813D}
	EndGlobalSection
EndGlobal
